
Microsoft Visual Studio Solution File, Format Version 12.00
# Visual Studio 14
VisualStudioVersion = 14.0.24720.0
MinimumVisualStudioVersion = 10.0.40219.1
Project("{FAE04EC0-301F-11D3-BF4B-00C04F79EFBC}") = "MyTronicTools", "MyTronicTools\MyTronicTools.csproj", "{9F351932-2964-47D8-B07F-F7ABC8B00054}"
EndProject
Project("{FAE04EC0-301F-11D3-BF4B-00C04F79EFBC}") = "MyControls", "MyControls\MyControls.csproj", "{3BE17118-A690-4D1E-AA1F-100E8F9B74C3}"
EndProject
Project("{FAE04EC0-301F-11D3-BF4B-00C04F79EFBC}") = "MyAudio", "MyAudio\MyAudio.csproj", "{09CA7517-17D7-472A-9B3A-F315420B6DF1}"
EndProject
Global
	GlobalSection(SolutionConfigurationPlatforms) = preSolution
		Debug|Any CPU = Debug|Any CPU
		Release|Any CPU = Release|Any CPU
	EndGlobalSection
	GlobalSection(ProjectConfigurationPlatforms) = postSolution
		{9F351932-2964-47D8-B07F-F7ABC8B00054}.Debug|Any CPU.ActiveCfg = Debug|Any CPU
		{9F351932-2964-47D8-B07F-F7ABC8B00054}.Debug|Any CPU.Build.0 = Debug|Any CPU
		{9F351932-2964-47D8-B07F-F7ABC8B00054}.Release|Any CPU.ActiveCfg = Release|Any CPU
		{9F351932-2964-47D8-B07F-F7ABC8B00054}.Release|Any CPU.Build.0 = Release|Any CPU
		{3BE17118-A690-4D1E-AA1F-100E8F9B74C3}.Debug|Any CPU.ActiveCfg = Debug|Any CPU
		{3BE17118-A690-4D1E-AA1F-100E8F9B74C3}.Debug|Any CPU.Build.0 = Debug|Any CPU
		{3BE17118-A690-4D1E-AA1F-100E8F9B74C3}.Release|Any CPU.ActiveCfg = Release|Any CPU
		{3BE17118-A690-4D1E-AA1F-100E8F9B74C3}.Release|Any CPU.Build.0 = Release|Any CPU
		{09CA7517-17D7-472A-9B3A-F315420B6DF1}.Debug|Any CPU.ActiveCfg = Debug|Any CPU
		{09CA7517-17D7-472A-9B3A-F315420B6DF1}.Debug|Any CPU.Build.0 = Debug|Any CPU
		{09CA7517-17D7-472A-9B3A-F315420B6DF1}.Release|Any CPU.ActiveCfg = Release|Any CPU
		{09CA7517-17D7-472A-9B3A-F315420B6DF1}.Release|Any CPU.Build.0 = Release|Any CPU
	EndGlobalSection
	GlobalSection(SolutionProperties) = preSolution
		HideSolutionNode = FALSE
	EndGlobalSection
EndGlobal
